<?xml version="1.0" encoding="utf-8"?>
<Project ToolsVersion="4.0" xmlns="http://schemas.microsoft.com/developer/msbuild/2003">
  <ItemGroup>
    <ClInclude Include="source\gl\ScreenAlignedTriangle.h">
      <Filter>source\gl</Filter>
    </ClInclude>
    <ClInclude Include="source\gl\ShaderObject.h">
      <Filter>source\gl</Filter>
    </ClInclude>
    <ClInclude Include="source\PCH.h">
      <Filter>source</Filter>
    </ClInclude>
    <ClInclude Include="source\RenderWindow.h">
      <Filter>source</Filter>
    </ClInclude>
    <ClInclude Include="source\Application.h">
      <Filter>source</Filter>
    </ClInclude>
    <ClInclude Include="source\gl\GLUtils.h">
      <Filter>source\gl</Filter>
    </ClInclude>
    <ClInclude Include="Source\Scene.h">
      <Filter>source</Filter>
    </ClInclude>
    <ClInclude Include="source\ezExtensions\UniquePtr.h">
      <Filter>source\ezExtensions</Filter>
    </ClInclude>
    <ClInclude Include="source\camera\FreeCamera.h">
      <Filter>source\Camera</Filter>
    </ClInclude>
    <ClInclude Include="source\camera\Camera.h">
      <Filter>source\Camera</Filter>
    </ClInclude>
    <ClInclude Include="source\InputConfig.h">
      <Filter>source</Filter>
    </ClInclude>
    <ClInclude Include="source\gl\Font.h">
      <Filter>source\gl</Filter>
    </ClInclude>
    <ClInclude Include="source\GlobalCVar.h">
      <Filter>source</Filter>
    </ClInclude>
    <ClInclude Include="source\gl\UniformBuffer.h">
      <Filter>source\gl</Filter>
    </ClInclude>
    <ClInclude Include="source\gl\ShaderDataMetaInfo.h">
      <Filter>source\gl</Filter>
    </ClInclude>
    <ClInclude Include="source\OnScreenLogWriter.h">
      <Filter>source</Filter>
    </ClInclude>
    <ClInclude Include="source\ezExtensions\Color.h">
      <Filter>source\ezExtensions</Filter>
    </ClInclude>
  </ItemGroup>
  <ItemGroup>
    <Filter Include="source">
      <UniqueIdentifier>{28fff477-9955-454e-bfe1-bfaf3234915c}</UniqueIdentifier>
    </Filter>
    <Filter Include="shader">
      <UniqueIdentifier>{8247614a-7221-4683-9e05-bbee2e8c3b4c}</UniqueIdentifier>
    </Filter>
    <Filter Include="source\gl">
      <UniqueIdentifier>{f7eaace0-013f-4551-af10-b5f8d631dd5f}</UniqueIdentifier>
    </Filter>
    <Filter Include="source\ezExtensions">
      <UniqueIdentifier>{27a536cf-c919-4d46-94f7-41e3c9eb4549}</UniqueIdentifier>
    </Filter>
    <Filter Include="source\Camera">
      <UniqueIdentifier>{fe332968-eb97-4d40-9ca3-f57cd673ad0d}</UniqueIdentifier>
    </Filter>
  </ItemGroup>
  <ItemGroup>
    <None Include="shader\screenTri.vert">
      <Filter>shader</Filter>
    </None>
    <None Include="shader\background.frag">
      <Filter>shader</Filter>
    </None>
    <None Include="shader\comptest.comp">
      <Filter>shader</Filter>
    </None>
    <None Include="source\gl\UniformBuffer.inl">
      <Filter>source\gl</Filter>
    </None>
    <None Include="source\gl\ShaderDataMetaInfo.inl">
      <Filter>source\gl</Filter>
    </None>
  </ItemGroup>
  <ItemGroup>
    <ClCompile Include="source\gl\ScreenAlignedTriangle.cpp">
      <Filter>source\gl</Filter>
    </ClCompile>
    <ClCompile Include="source\gl\ShaderObject.cpp">
      <Filter>source\gl</Filter>
    </ClCompile>
    <ClCompile Include="source\Input.cpp">
      <Filter>source</Filter>
    </ClCompile>
    <ClCompile Include="source\PCH.cpp">
      <Filter>source</Filter>
    </ClCompile>
    <ClCompile Include="source\RenderWindow.cpp">
      <Filter>source</Filter>
    </ClCompile>
    <ClCompile Include="source\Application.cpp">
      <Filter>source</Filter>
    </ClCompile>
    <ClCompile Include="source\gl\GLUtils.cpp">
      <Filter>source\gl</Filter>
    </ClCompile>
    <ClCompile Include="Source\Scene.cpp">
      <Filter>source</Filter>
    </ClCompile>
    <ClCompile Include="source\gl\UniformBuffer.cpp">
      <Filter>source\gl</Filter>
    </ClCompile>
    <ClCompile Include="source\camera\FreeCamera.cpp">
      <Filter>source\Camera</Filter>
    </ClCompile>
    <ClCompile Include="source\camera\Camera.cpp">
      <Filter>source\Camera</Filter>
    </ClCompile>
    <ClCompile Include="source\gl\Font.cpp">
      <Filter>source\gl</Filter>
    </ClCompile>
    <ClCompile Include="source\OnScreenLogWriter.cpp">
      <Filter>source</Filter>
    </ClCompile>
    <ClCompile Include="source\ezExtensions\Color.cpp">
      <Filter>source\ezExtensions</Filter>
    </ClCompile>
  </ItemGroup>
</Project>