<?xml version="1.0" encoding="utf-8"?>
<Project ToolsVersion="4.0" xmlns="http://schemas.microsoft.com/developer/msbuild/2003">
  <ItemGroup>
    <ClInclude Include="source\gl\ScreenAlignedTriangle.h">
      <Filter>source\gl</Filter>
    </ClInclude>
    <ClInclude Include="source\gl\ShaderObject.h">
      <Filter>source\gl</Filter>
    </ClInclude>
    <ClInclude Include="source\PCH.h">
      <Filter>source</Filter>
    </ClInclude>
    <ClInclude Include="source\RenderWindow.h">
      <Filter>source</Filter>
    </ClInclude>
    <ClInclude Include="source\Application.h">
      <Filter>source</Filter>
    </ClInclude>
    <ClInclude Include="source\gl\GLUtils.h">
      <Filter>source\gl</Filter>
    </ClInclude>
  </ItemGroup>
  <ItemGroup>
    <Filter Include="source">
      <UniqueIdentifier>{28fff477-9955-454e-bfe1-bfaf3234915c}</UniqueIdentifier>
    </Filter>
    <Filter Include="shader">
      <UniqueIdentifier>{8247614a-7221-4683-9e05-bbee2e8c3b4c}</UniqueIdentifier>
    </Filter>
    <Filter Include="source\gl">
      <UniqueIdentifier>{f7eaace0-013f-4551-af10-b5f8d631dd5f}</UniqueIdentifier>
    </Filter>
  </ItemGroup>
  <ItemGroup>
    <None Include="shader\screenTri.vert">
      <Filter>shader</Filter>
    </None>
    <None Include="shader\background.frag">
      <Filter>shader</Filter>
    </None>
  </ItemGroup>
  <ItemGroup>
    <ClCompile Include="source\gl\ScreenAlignedTriangle.cpp">
      <Filter>source\gl</Filter>
    </ClCompile>
    <ClCompile Include="source\gl\ShaderObject.cpp">
      <Filter>source\gl</Filter>
    </ClCompile>
    <ClCompile Include="source\Input.cpp">
      <Filter>source</Filter>
    </ClCompile>
    <ClCompile Include="source\PCH.cpp">
      <Filter>source</Filter>
    </ClCompile>
    <ClCompile Include="source\RenderWindow.cpp">
      <Filter>source</Filter>
    </ClCompile>
    <ClCompile Include="source\Application.cpp">
      <Filter>source</Filter>
    </ClCompile>
    <ClCompile Include="source\gl\GLUtils.cpp">
      <Filter>source\gl</Filter>
    </ClCompile>
  </ItemGroup>
</Project>